{
  "projects": [
    {
      "projectId": "7Kb5LCV89tNWBn4m3y5e9q",
      "version": "latest",
      "dependencies": {
        "r6wqTHP8pUBDqvkAaarh3E": "0.0.1",
        "8PtdGodUbexNYgkuyBUcWu": "3.17.0",
        "caTPwKxj5ZrD9LQ7DMdK4Z": "3.21.0"
      },
      "lang": "ts",
      "fileLocks": [
        {
          "type": "globalVariant",
          "assetId": "rLyYkqyGLC01z",
          "checksum": "19bef2eef858002c5557578131f04fc9"
        },
        {
          "type": "renderModule",
          "assetId": "nz4OkXyiCp9B",
          "checksum": "6c94814bdeb5c353ec58a8914ffb1c41"
        },
        {
          "type": "cssRules",
          "assetId": "nz4OkXyiCp9B",
          "checksum": "6c94814bdeb5c353ec58a8914ffb1c41"
        },
        {
          "type": "renderModule",
          "assetId": "wUTVsB-fca",
          "checksum": "54676514c562a30688271460c289680f"
        },
        {
          "type": "cssRules",
          "assetId": "wUTVsB-fca",
          "checksum": "54676514c562a30688271460c289680f"
        },
        {
          "type": "renderModule",
          "assetId": "dTivG-jH3lW",
          "checksum": "9ffabadb71fe6cc8cbd3833d3a9bf95e"
        },
        {
          "type": "cssRules",
          "assetId": "dTivG-jH3lW",
          "checksum": "9ffabadb71fe6cc8cbd3833d3a9bf95e"
        },
        {
          "type": "renderModule",
          "assetId": "VGSmBro-ef",
          "checksum": "34d15bfbd2d7bdb3c330b7c0b589abe3"
        },
        {
          "type": "cssRules",
          "assetId": "VGSmBro-ef",
          "checksum": "34d15bfbd2d7bdb3c330b7c0b589abe3"
        },
        {
          "type": "renderModule",
          "assetId": "XSxN5kXvF2",
          "checksum": "f5858cb575d641c0d8bf2e4b8a15c33b"
        },
        {
          "type": "cssRules",
          "assetId": "XSxN5kXvF2",
          "checksum": "f5858cb575d641c0d8bf2e4b8a15c33b"
        },
        {
          "type": "renderModule",
          "assetId": "2L-PECr0xw",
          "checksum": "64f7824220109e11e242bf59727b3d03"
        },
        {
          "type": "cssRules",
          "assetId": "2L-PECr0xw",
          "checksum": "64f7824220109e11e242bf59727b3d03"
        },
        {
          "type": "renderModule",
          "assetId": "cnD_NnksTl",
          "checksum": "d6adba22f572f53b8724584f69a64c97"
        },
        {
          "type": "cssRules",
          "assetId": "cnD_NnksTl",
          "checksum": "d6adba22f572f53b8724584f69a64c97"
        },
        {
          "type": "icon",
          "assetId": "q1TlDUyNqop",
          "checksum": "b06ca3c2093257619cc48eb2672cbcdf"
        },
        {
          "type": "icon",
          "assetId": "k5kwo7sOrBj",
          "checksum": "5384959af2f77781779ac77d58f68994"
        },
        {
          "type": "icon",
          "assetId": "AUsPFN29Z5Y",
          "checksum": "b66b81e0f3e3bb22c05a7e2472e468ee"
        },
        {
          "type": "icon",
          "assetId": "TZ5ExugZ2",
          "checksum": "ebf44c4fac01ea1036b33c27069c6785"
        },
        {
          "type": "icon",
          "assetId": "mRXgFtwg-",
          "checksum": "4b121ef34633cacbb634f7541be6c192"
        },
        {
          "type": "icon",
          "assetId": "TTU77nTGk",
          "checksum": "7e0d9973e447d760cea07f63cda35387"
        },
        {
          "type": "image",
          "assetId": "06QJB7uhY",
          "checksum": "afe20a472a1e3af469a653439b7a906a"
        },
        {
          "type": "image",
          "assetId": "qztvESEFB",
          "checksum": "5b9de2f64c4372e38ab114bcef78144a"
        },
        {
          "type": "renderModule",
          "assetId": "3JMpsqmVnQ",
          "checksum": "60aeedfd40216180a212b24aa4d9f793"
        },
        {
          "type": "cssRules",
          "assetId": "3JMpsqmVnQ",
          "checksum": "60aeedfd40216180a212b24aa4d9f793"
        },
        {
          "type": "image",
          "assetId": "TYExDRQ7j",
          "checksum": "fca7dbbe4f55b7afd176097337e9084a"
        },
        {
          "type": "image",
          "assetId": "6fdtcID3G",
          "checksum": "229eba561ba208593293d20091344cb0"
        },
        {
          "type": "image",
          "assetId": "-h_mTZmt5",
          "checksum": "143b76d19c13f75038f0e38f67333881"
        },
        {
          "type": "icon",
          "assetId": "QYb9XxFjU",
          "checksum": "930fb84857e4c3ed4e7a5e92ae148555"
        },
        {
          "type": "icon",
          "assetId": "LZ6zTV9o3",
          "checksum": "5fb5b5adab18949857fbd4dd841228e1"
        },
        {
          "assetId": "7Kb5LCV89tNWBn4m3y5e9q",
          "checksum": "52f369f15331bc9a5fb869fb2633d0fa",
          "type": "globalContexts"
        },
        {
          "type": "renderModule",
          "assetId": "xK4LVBS1m4",
          "checksum": "1a915d70473a273a958732acaa97458a"
        },
        {
          "type": "cssRules",
          "assetId": "xK4LVBS1m4",
          "checksum": "1a915d70473a273a958732acaa97458a"
        },
        {
          "type": "renderModule",
          "assetId": "VyP48T0NTA",
          "checksum": "7985576440e4843ee30d82138ce38271"
        },
        {
          "type": "cssRules",
          "assetId": "VyP48T0NTA",
          "checksum": "7985576440e4843ee30d82138ce38271"
        },
        {
          "type": "renderModule",
          "assetId": "oeaZd66p84",
          "checksum": "8f3016d81347a5462b9dc818c1f2e554"
        },
        {
          "type": "cssRules",
          "assetId": "oeaZd66p84",
          "checksum": "8f3016d81347a5462b9dc818c1f2e554"
        },
        {
          "type": "icon",
          "assetId": "lKoMckLAP",
          "checksum": "d2b85f089cf70d5e5c3d347f7e68363e"
        },
        {
          "type": "image",
          "assetId": "dvkQxWo6G",
          "checksum": "69b3af6f13d0207302b8bd2a465bdeb8"
        },
        {
          "type": "image",
          "assetId": "AyatUxkb5",
          "checksum": "4b98f93e9b9d344543a34ff4d29f26ee"
        },
        {
          "type": "image",
          "assetId": "aeGyFcPRf",
          "checksum": "ed0d9635d81bdc12916b31d18a7a6402"
        },
        {
          "type": "renderModule",
          "assetId": "ZCE1TfqnzIq",
          "checksum": "393d02550e49c3d7ee547482b1d5f434"
        },
        {
          "type": "cssRules",
          "assetId": "ZCE1TfqnzIq",
          "checksum": "393d02550e49c3d7ee547482b1d5f434"
        },
        {
          "type": "renderModule",
          "assetId": "E9GSJtAUla",
          "checksum": "5a4447d16fce9f04409b27e0694b51ed"
        },
        {
          "type": "cssRules",
          "assetId": "E9GSJtAUla",
          "checksum": "5a4447d16fce9f04409b27e0694b51ed"
        },
        {
          "type": "icon",
          "assetId": "1HIO6KdHI",
          "checksum": "ed176d12836cb604d670082964f0d195"
        },
        {
          "type": "renderModule",
          "assetId": "zVycdQpbjx",
          "checksum": "5437c370e6309163134a5702c66e949a"
        },
        {
          "type": "cssRules",
          "assetId": "zVycdQpbjx",
          "checksum": "5437c370e6309163134a5702c66e949a"
        },
        {
          "type": "renderModule",
          "assetId": "hCmOmN_odDK",
          "checksum": "a258b1a269435a34353d135b3846cb02"
        },
        {
          "type": "cssRules",
          "assetId": "hCmOmN_odDK",
          "checksum": "a258b1a269435a34353d135b3846cb02"
        },
        {
          "type": "renderModule",
          "assetId": "YP00OeXrv1",
          "checksum": "3e74673de6dfff0b7a6705bf665b381a"
        },
        {
          "type": "cssRules",
          "assetId": "YP00OeXrv1",
          "checksum": "3e74673de6dfff0b7a6705bf665b381a"
        },
        {
          "type": "renderModule",
          "assetId": "vHTuRfYzkk",
          "checksum": "29bcac50c264ee0354aeda141576d7ad"
        },
        {
          "type": "cssRules",
          "assetId": "vHTuRfYzkk",
          "checksum": "29bcac50c264ee0354aeda141576d7ad"
        },
        {
          "type": "renderModule",
          "assetId": "jvNNS1u1VD",
          "checksum": "e75d81f6542199784fcbbe779358238e"
        },
        {
          "type": "cssRules",
          "assetId": "jvNNS1u1VD",
          "checksum": "e75d81f6542199784fcbbe779358238e"
        },
        {
          "type": "image",
          "assetId": "IHS4Mk05U",
          "checksum": "b4ca8efda70301cdb2b35ab0ee59b737"
        },
        {
          "type": "renderModule",
          "assetId": "RtpfTqHPc8",
          "checksum": "abb72f16a7b4805034937073ea9e7be9"
        },
        {
          "type": "cssRules",
          "assetId": "RtpfTqHPc8",
          "checksum": "abb72f16a7b4805034937073ea9e7be9"
        },
        {
          "type": "renderModule",
          "assetId": "SLXk4W2FZwu",
          "checksum": "4a900d07213585494076511e99718a8f"
        },
        {
          "type": "cssRules",
          "assetId": "SLXk4W2FZwu",
          "checksum": "4a900d07213585494076511e99718a8f"
        },
        {
          "type": "renderModule",
          "assetId": "55Afek_4-RC",
          "checksum": "e31b9163bfb58626600247accd606d60"
        },
        {
          "type": "cssRules",
          "assetId": "55Afek_4-RC",
          "checksum": "e31b9163bfb58626600247accd606d60"
        },
        {
          "type": "renderModule",
          "assetId": "6jTXRcZVoW-",
          "checksum": "3b589afe11c16672f37c24745cc1810b"
        },
        {
          "type": "cssRules",
          "assetId": "6jTXRcZVoW-",
          "checksum": "3b589afe11c16672f37c24745cc1810b"
        },
        {
          "type": "renderModule",
          "assetId": "GW498bxNZUy",
          "checksum": "a67350cc686976a562c105a5f1c8d8c2"
        },
        {
          "type": "cssRules",
          "assetId": "GW498bxNZUy",
          "checksum": "a67350cc686976a562c105a5f1c8d8c2"
        },
        {
          "type": "icon",
          "assetId": "m_B9I91Zzw1",
          "checksum": "748ea7fb64f1274ce53f108ab283deb3"
        },
        {
          "type": "icon",
          "assetId": "ShnTWKWEPf7",
          "checksum": "5d42b3a4d9ae015cf0438ea0d354b12a"
        },
        {
          "type": "renderModule",
          "assetId": "tnuTwysStr",
          "checksum": "98cc0a63efd1fecfb9fc627a4daf3ab9"
        },
        {
          "type": "cssRules",
          "assetId": "tnuTwysStr",
          "checksum": "98cc0a63efd1fecfb9fc627a4daf3ab9"
        },
        {
          "type": "icon",
          "assetId": "5JsroXw63",
          "checksum": "6f4cc7f18766553ddb68783638f83b50"
        },
        {
          "type": "icon",
          "assetId": "MP7-FtWLqM",
          "checksum": "fb84a941401b986c8c97b61a1cfad226"
        },
        {
          "type": "renderModule",
          "assetId": "qjec2CylGU",
          "checksum": "c67e5777172cf7b6dfe1cececc4fa82e"
        },
        {
          "type": "cssRules",
          "assetId": "qjec2CylGU",
          "checksum": "c67e5777172cf7b6dfe1cececc4fa82e"
        },
        {
          "type": "image",
          "assetId": "fts3EZmjW",
          "checksum": "e799454cf756503a0aa76ff981f2d354"
        },
        {
          "type": "image",
          "assetId": "TztA-smna",
          "checksum": "846e5a4a37688963a8dfa89b98e4ec26"
        },
        {
          "type": "image",
          "assetId": "OlwFUIoX2",
          "checksum": "d9d30dcbdd1c2dd02e78fb57fcc66513"
        },
        {
          "type": "image",
          "assetId": "a-r4rD5jL",
          "checksum": "b3b9b01d2c4069e996449f2f3f6f7bb4"
        },
        {
          "type": "renderModule",
          "assetId": "ltXxspJq1s-",
          "checksum": "9064c2e6d88641ee324be180e6f06e89"
        },
        {
          "type": "cssRules",
          "assetId": "ltXxspJq1s-",
          "checksum": "9064c2e6d88641ee324be180e6f06e89"
        },
        {
          "type": "image",
          "assetId": "AEu1jbdmI",
          "checksum": "5638c435ed3f2fcb4fedeca54710bc37"
        },
        {
          "type": "image",
          "assetId": "-guaQdcKs",
          "checksum": "0e498b5d57418e8abcfeab2d87cef410"
        },
        {
          "assetId": "7Kb5LCV89tNWBn4m3y5e9q",
          "type": "projectCss",
          "checksum": "c140f0715687820442bcf930c29c45dc"
        },
        {
          "type": "image",
          "assetId": "CzTE5Yqk6",
          "checksum": "c68411ce56b4dbf6e49955d03edd6075"
        }
      ],
      "codegenVersion": "0.0.1"
    },
    {
      "projectId": "caTPwKxj5ZrD9LQ7DMdK4Z",
      "version": "3.21.0",
      "dependencies": {},
      "lang": "ts",
      "fileLocks": [
        {
          "assetId": "caTPwKxj5ZrD9LQ7DMdK4Z",
          "type": "projectCss",
          "checksum": "e1ec850476829c38b0f9b6d4f7ac446a"
        }
      ],
      "codegenVersion": "0.0.1"
    },
    {
      "projectId": "95xp9cYcv7HrNWpFWWhbcv",
      "version": "2.2.1",
      "dependencies": {},
      "lang": "ts",
      "fileLocks": [
        {
          "type": "image",
          "assetId": "pAcQ-9j-MkaY",
          "checksum": "c263e67c06cb18ec9feeae243a6f8fa0"
        },
        {
          "assetId": "95xp9cYcv7HrNWpFWWhbcv",
          "type": "projectCss",
          "checksum": "9d62adff8f747c5c1ec3394d046fc352"
        }
      ],
      "codegenVersion": "0.0.1"
    },
    {
      "projectId": "r6wqTHP8pUBDqvkAaarh3E",
      "version": "0.0.1",
      "dependencies": {
        "95xp9cYcv7HrNWpFWWhbcv": "2.2.1"
      },
      "lang": "ts",
      "fileLocks": [
        {
          "type": "image",
          "assetId": "bSXI1Z8uktJBvH",
          "checksum": "dd6dc0328be5561986cefb34e26fa55e"
        },
        {
          "assetId": "r6wqTHP8pUBDqvkAaarh3E",
          "type": "projectCss",
          "checksum": "4c989b1d10c46a36461e64141de3e7ff"
        }
      ],
      "codegenVersion": "0.0.1"
    },
    {
      "projectId": "8PtdGodUbexNYgkuyBUcWu",
      "version": "3.17.0",
      "dependencies": {},
      "lang": "ts",
      "fileLocks": [
        {
          "assetId": "8PtdGodUbexNYgkuyBUcWu",
          "checksum": "c48776bba1b3886e93349ddfa619cee9",
          "type": "globalContexts"
        },
        {
          "assetId": "8PtdGodUbexNYgkuyBUcWu",
          "type": "projectCss",
          "checksum": "078b5be9aa4a8ea2a39b36c771c25aaa"
        }
      ],
      "codegenVersion": "0.0.1"
    }
  ],
  "cliVersion": "0.1.183"
}
