{
  "projects": [
    {
      "projectId": "7Kb5LCV89tNWBn4m3y5e9q",
      "version": "latest",
      "dependencies": {
        "r6wqTHP8pUBDqvkAaarh3E": "0.0.1"
      },
      "lang": "ts",
      "fileLocks": [
        {
          "type": "globalVariant",
          "assetId": "rLyYkqyGLC01z",
          "checksum": "cedfabfe92c2a185c2ce12fc50282081"
        },
        {
          "type": "renderModule",
          "assetId": "nz4OkXyiCp9B",
          "checksum": "393448348dffbcbd5e1bf2ec482680e2"
        },
        {
          "type": "cssRules",
          "assetId": "nz4OkXyiCp9B",
          "checksum": "393448348dffbcbd5e1bf2ec482680e2"
        },
        {
          "type": "renderModule",
          "assetId": "wUTVsB-fca",
          "checksum": "bd112ba0b41a3c1d0127e61ae946da18"
        },
        {
          "type": "cssRules",
          "assetId": "wUTVsB-fca",
          "checksum": "bd112ba0b41a3c1d0127e61ae946da18"
        },
        {
          "type": "renderModule",
          "assetId": "dTivG-jH3lW",
          "checksum": "fca6051bf704fafc20edec56629541ca"
        },
        {
          "type": "cssRules",
          "assetId": "dTivG-jH3lW",
          "checksum": "fca6051bf704fafc20edec56629541ca"
        },
        {
          "type": "renderModule",
          "assetId": "VGSmBro-ef",
          "checksum": "557b7313af9390dd69c03578a8857b00"
        },
        {
          "type": "cssRules",
          "assetId": "VGSmBro-ef",
          "checksum": "557b7313af9390dd69c03578a8857b00"
        },
        {
          "type": "renderModule",
          "assetId": "XSxN5kXvF2",
          "checksum": "0a84e4f66434ac54feb75b632ba13480"
        },
        {
          "type": "cssRules",
          "assetId": "XSxN5kXvF2",
          "checksum": "0a84e4f66434ac54feb75b632ba13480"
        },
        {
          "type": "renderModule",
          "assetId": "2L-PECr0xw",
          "checksum": "4edc8dcb2b60b09bdc4b8cadeb7a4872"
        },
        {
          "type": "cssRules",
          "assetId": "2L-PECr0xw",
          "checksum": "4edc8dcb2b60b09bdc4b8cadeb7a4872"
        },
        {
          "type": "renderModule",
          "assetId": "cnD_NnksTl",
          "checksum": "5acbe8687dd646dd5f15afc0d524910a"
        },
        {
          "type": "cssRules",
          "assetId": "cnD_NnksTl",
          "checksum": "5acbe8687dd646dd5f15afc0d524910a"
        },
        {
          "type": "icon",
          "assetId": "q1TlDUyNqop",
          "checksum": "b06ca3c2093257619cc48eb2672cbcdf"
        },
        {
          "type": "icon",
          "assetId": "k5kwo7sOrBj",
          "checksum": "5384959af2f77781779ac77d58f68994"
        },
        {
          "type": "icon",
          "assetId": "AUsPFN29Z5Y",
          "checksum": "b66b81e0f3e3bb22c05a7e2472e468ee"
        },
        {
          "type": "icon",
          "assetId": "TZ5ExugZ2",
          "checksum": "ebf44c4fac01ea1036b33c27069c6785"
        },
        {
          "type": "icon",
          "assetId": "mRXgFtwg-",
          "checksum": "4b121ef34633cacbb634f7541be6c192"
        },
        {
          "type": "icon",
          "assetId": "TTU77nTGk",
          "checksum": "7e0d9973e447d760cea07f63cda35387"
        },
        {
          "type": "image",
          "assetId": "06QJB7uhY",
          "checksum": "afe20a472a1e3af469a653439b7a906a"
        },
        {
          "type": "image",
          "assetId": "qztvESEFB",
          "checksum": "5b9de2f64c4372e38ab114bcef78144a"
        },
        {
          "type": "renderModule",
          "assetId": "3JMpsqmVnQ",
          "checksum": "335c68277a0d084c2192ccccbff0b5cd"
        },
        {
          "type": "cssRules",
          "assetId": "3JMpsqmVnQ",
          "checksum": "335c68277a0d084c2192ccccbff0b5cd"
        },
        {
          "type": "image",
          "assetId": "TYExDRQ7j",
          "checksum": "fca7dbbe4f55b7afd176097337e9084a"
        },
        {
          "type": "image",
          "assetId": "6fdtcID3G",
          "checksum": "229eba561ba208593293d20091344cb0"
        },
        {
          "type": "image",
          "assetId": "-h_mTZmt5",
          "checksum": "143b76d19c13f75038f0e38f67333881"
        },
        {
          "type": "icon",
          "assetId": "QYb9XxFjU",
          "checksum": "930fb84857e4c3ed4e7a5e92ae148555"
        },
        {
          "type": "icon",
          "assetId": "LZ6zTV9o3",
          "checksum": "5fb5b5adab18949857fbd4dd841228e1"
        },
        {
          "assetId": "7Kb5LCV89tNWBn4m3y5e9q",
          "checksum": "fca732cf9e87d6b91812031e3763c6f8",
          "type": "globalContexts"
        },
        {
          "type": "renderModule",
          "assetId": "xK4LVBS1m4",
          "checksum": "948d732afc9d138d5a52b9f5e01342cc"
        },
        {
          "type": "cssRules",
          "assetId": "xK4LVBS1m4",
          "checksum": "948d732afc9d138d5a52b9f5e01342cc"
        },
        {
          "type": "renderModule",
          "assetId": "ePzZ4YqBZo",
          "checksum": "3481a7440db1e25e07e9e7c2eae3fd35"
        },
        {
          "type": "cssRules",
          "assetId": "ePzZ4YqBZo",
          "checksum": "3481a7440db1e25e07e9e7c2eae3fd35"
        },
        {
          "type": "renderModule",
          "assetId": "VyP48T0NTA",
          "checksum": "4ea46695cdbfb7804500edaaabe62441"
        },
        {
          "type": "cssRules",
          "assetId": "VyP48T0NTA",
          "checksum": "4ea46695cdbfb7804500edaaabe62441"
        },
        {
          "type": "renderModule",
          "assetId": "oeaZd66p84",
          "checksum": "22627e320a72631c660db372e71dc9bc"
        },
        {
          "type": "cssRules",
          "assetId": "oeaZd66p84",
          "checksum": "22627e320a72631c660db372e71dc9bc"
        },
        {
          "type": "icon",
          "assetId": "lKoMckLAP",
          "checksum": "d2b85f089cf70d5e5c3d347f7e68363e"
        },
        {
          "type": "image",
          "assetId": "dvkQxWo6G",
          "checksum": "69b3af6f13d0207302b8bd2a465bdeb8"
        },
        {
          "type": "image",
          "assetId": "AyatUxkb5",
          "checksum": "4b98f93e9b9d344543a34ff4d29f26ee"
        },
        {
          "type": "image",
          "assetId": "aeGyFcPRf",
          "checksum": "ed0d9635d81bdc12916b31d18a7a6402"
        },
        {
          "type": "renderModule",
          "assetId": "ZCE1TfqnzIq",
          "checksum": "ea393a83684be67f5d5061b53bf4bfaa"
        },
        {
          "type": "cssRules",
          "assetId": "ZCE1TfqnzIq",
          "checksum": "ea393a83684be67f5d5061b53bf4bfaa"
        },
        {
          "type": "renderModule",
          "assetId": "E9GSJtAUla",
          "checksum": "dc93459b18488dce5d3c3f054b3e36be"
        },
        {
          "type": "cssRules",
          "assetId": "E9GSJtAUla",
          "checksum": "dc93459b18488dce5d3c3f054b3e36be"
        },
        {
          "type": "icon",
          "assetId": "1HIO6KdHI",
          "checksum": "ed176d12836cb604d670082964f0d195"
        },
        {
          "type": "renderModule",
          "assetId": "zVycdQpbjx",
          "checksum": "1cc8cd29a5e6c257c96246aa5d59a813"
        },
        {
          "type": "cssRules",
          "assetId": "zVycdQpbjx",
          "checksum": "1cc8cd29a5e6c257c96246aa5d59a813"
        },
        {
          "type": "renderModule",
          "assetId": "hCmOmN_odDK",
          "checksum": "d2f8c52056f0e9e5549ac83caf656b84"
        },
        {
          "type": "cssRules",
          "assetId": "hCmOmN_odDK",
          "checksum": "d2f8c52056f0e9e5549ac83caf656b84"
        },
        {
          "type": "renderModule",
          "assetId": "YP00OeXrv1",
          "checksum": "72a66c3e8a4e1584c9664ea550bee44e"
        },
        {
          "type": "cssRules",
          "assetId": "YP00OeXrv1",
          "checksum": "72a66c3e8a4e1584c9664ea550bee44e"
        },
        {
          "type": "renderModule",
          "assetId": "vHTuRfYzkk",
          "checksum": "f4b30b3fd29fa42606bce163fbe17d5a"
        },
        {
          "type": "cssRules",
          "assetId": "vHTuRfYzkk",
          "checksum": "f4b30b3fd29fa42606bce163fbe17d5a"
        },
        {
          "type": "renderModule",
          "assetId": "jvNNS1u1VD",
          "checksum": "82743b727a3779e77f3474c04478448c"
        },
        {
          "type": "cssRules",
          "assetId": "jvNNS1u1VD",
          "checksum": "82743b727a3779e77f3474c04478448c"
        },
        {
          "assetId": "7Kb5LCV89tNWBn4m3y5e9q",
          "type": "projectCss",
          "checksum": "756d7d48e4e54b0a58657363a44e5621"
        }
      ],
      "codegenVersion": "0.0.1"
    },
    {
      "projectId": "caTPwKxj5ZrD9LQ7DMdK4Z",
      "version": "3.0.0",
      "dependencies": {},
      "lang": "ts",
      "fileLocks": [
        {
          "assetId": "caTPwKxj5ZrD9LQ7DMdK4Z",
          "type": "projectCss",
          "checksum": "748c2db198285121f5dad63414f1fabb"
        }
      ],
      "codegenVersion": "0.0.1"
    },
    {
      "projectId": "95xp9cYcv7HrNWpFWWhbcv",
      "version": "2.2.1",
      "dependencies": {},
      "lang": "ts",
      "fileLocks": [
        {
          "type": "image",
          "assetId": "pAcQ-9j-MkaY",
          "checksum": "c263e67c06cb18ec9feeae243a6f8fa0"
        },
        {
          "assetId": "95xp9cYcv7HrNWpFWWhbcv",
          "type": "projectCss",
          "checksum": "9d62adff8f747c5c1ec3394d046fc352"
        }
      ],
      "codegenVersion": "0.0.1"
    },
    {
      "projectId": "r6wqTHP8pUBDqvkAaarh3E",
      "version": "0.0.1",
      "dependencies": {
        "95xp9cYcv7HrNWpFWWhbcv": "2.2.1"
      },
      "lang": "ts",
      "fileLocks": [
        {
          "type": "image",
          "assetId": "bSXI1Z8uktJBvH",
          "checksum": "dd6dc0328be5561986cefb34e26fa55e"
        },
        {
          "assetId": "r6wqTHP8pUBDqvkAaarh3E",
          "type": "projectCss",
          "checksum": "4c989b1d10c46a36461e64141de3e7ff"
        }
      ],
      "codegenVersion": "0.0.1"
    }
  ],
  "cliVersion": "0.1.183"
}
