{
  "projects": [
    {
      "projectId": "7Kb5LCV89tNWBn4m3y5e9q",
      "version": "latest",
      "dependencies": {
        "r6wqTHP8pUBDqvkAaarh3E": "0.0.1",
        "8PtdGodUbexNYgkuyBUcWu": "3.3.0",
        "caTPwKxj5ZrD9LQ7DMdK4Z": "3.4.0"
      },
      "lang": "ts",
      "fileLocks": [
        {
          "type": "globalVariant",
          "assetId": "rLyYkqyGLC01z",
          "checksum": "cedfabfe92c2a185c2ce12fc50282081"
        },
        {
          "type": "renderModule",
          "assetId": "nz4OkXyiCp9B",
          "checksum": "3c9890c48a52137236fa19b93cbbb834"
        },
        {
          "type": "cssRules",
          "assetId": "nz4OkXyiCp9B",
          "checksum": "3c9890c48a52137236fa19b93cbbb834"
        },
        {
          "type": "renderModule",
          "assetId": "wUTVsB-fca",
          "checksum": "5104573765f96cfb659a498a883e9474"
        },
        {
          "type": "cssRules",
          "assetId": "wUTVsB-fca",
          "checksum": "5104573765f96cfb659a498a883e9474"
        },
        {
          "type": "renderModule",
          "assetId": "dTivG-jH3lW",
          "checksum": "96343ae15c60f22b3e757999e5e0f57d"
        },
        {
          "type": "cssRules",
          "assetId": "dTivG-jH3lW",
          "checksum": "96343ae15c60f22b3e757999e5e0f57d"
        },
        {
          "type": "renderModule",
          "assetId": "VGSmBro-ef",
          "checksum": "262c433572c8fb67d5c06adcffa7dfb8"
        },
        {
          "type": "cssRules",
          "assetId": "VGSmBro-ef",
          "checksum": "262c433572c8fb67d5c06adcffa7dfb8"
        },
        {
          "type": "renderModule",
          "assetId": "XSxN5kXvF2",
          "checksum": "047a26c174c5550a50e3cf8fd5fa6a82"
        },
        {
          "type": "cssRules",
          "assetId": "XSxN5kXvF2",
          "checksum": "047a26c174c5550a50e3cf8fd5fa6a82"
        },
        {
          "type": "renderModule",
          "assetId": "2L-PECr0xw",
          "checksum": "665f420a5b26747338d6559c677666db"
        },
        {
          "type": "cssRules",
          "assetId": "2L-PECr0xw",
          "checksum": "665f420a5b26747338d6559c677666db"
        },
        {
          "type": "renderModule",
          "assetId": "cnD_NnksTl",
          "checksum": "3fea80c7655f9f3bb084de4f9fcac02a"
        },
        {
          "type": "cssRules",
          "assetId": "cnD_NnksTl",
          "checksum": "3fea80c7655f9f3bb084de4f9fcac02a"
        },
        {
          "type": "icon",
          "assetId": "q1TlDUyNqop",
          "checksum": "b06ca3c2093257619cc48eb2672cbcdf"
        },
        {
          "type": "icon",
          "assetId": "k5kwo7sOrBj",
          "checksum": "5384959af2f77781779ac77d58f68994"
        },
        {
          "type": "icon",
          "assetId": "AUsPFN29Z5Y",
          "checksum": "b66b81e0f3e3bb22c05a7e2472e468ee"
        },
        {
          "type": "icon",
          "assetId": "TZ5ExugZ2",
          "checksum": "ebf44c4fac01ea1036b33c27069c6785"
        },
        {
          "type": "icon",
          "assetId": "mRXgFtwg-",
          "checksum": "4b121ef34633cacbb634f7541be6c192"
        },
        {
          "type": "icon",
          "assetId": "TTU77nTGk",
          "checksum": "7e0d9973e447d760cea07f63cda35387"
        },
        {
          "type": "image",
          "assetId": "06QJB7uhY",
          "checksum": "afe20a472a1e3af469a653439b7a906a"
        },
        {
          "type": "image",
          "assetId": "qztvESEFB",
          "checksum": "5b9de2f64c4372e38ab114bcef78144a"
        },
        {
          "type": "renderModule",
          "assetId": "3JMpsqmVnQ",
          "checksum": "54f6fb69449358339c606bfa3f1a9e1f"
        },
        {
          "type": "cssRules",
          "assetId": "3JMpsqmVnQ",
          "checksum": "54f6fb69449358339c606bfa3f1a9e1f"
        },
        {
          "type": "image",
          "assetId": "TYExDRQ7j",
          "checksum": "fca7dbbe4f55b7afd176097337e9084a"
        },
        {
          "type": "image",
          "assetId": "6fdtcID3G",
          "checksum": "229eba561ba208593293d20091344cb0"
        },
        {
          "type": "image",
          "assetId": "-h_mTZmt5",
          "checksum": "143b76d19c13f75038f0e38f67333881"
        },
        {
          "type": "icon",
          "assetId": "QYb9XxFjU",
          "checksum": "930fb84857e4c3ed4e7a5e92ae148555"
        },
        {
          "type": "icon",
          "assetId": "LZ6zTV9o3",
          "checksum": "5fb5b5adab18949857fbd4dd841228e1"
        },
        {
          "assetId": "7Kb5LCV89tNWBn4m3y5e9q",
          "checksum": "755afd41562e59046e85f342060478c1",
          "type": "globalContexts"
        },
        {
          "type": "renderModule",
          "assetId": "xK4LVBS1m4",
          "checksum": "1843a7b79a31022b8cc9a286be9bc0b7"
        },
        {
          "type": "cssRules",
          "assetId": "xK4LVBS1m4",
          "checksum": "1843a7b79a31022b8cc9a286be9bc0b7"
        },
        {
          "type": "renderModule",
          "assetId": "VyP48T0NTA",
          "checksum": "ab3ddfe8be1bef3031c5cdc07935c656"
        },
        {
          "type": "cssRules",
          "assetId": "VyP48T0NTA",
          "checksum": "ab3ddfe8be1bef3031c5cdc07935c656"
        },
        {
          "type": "renderModule",
          "assetId": "oeaZd66p84",
          "checksum": "708fd9914d776646d2bb50a608e1e16f"
        },
        {
          "type": "cssRules",
          "assetId": "oeaZd66p84",
          "checksum": "708fd9914d776646d2bb50a608e1e16f"
        },
        {
          "type": "icon",
          "assetId": "lKoMckLAP",
          "checksum": "d2b85f089cf70d5e5c3d347f7e68363e"
        },
        {
          "type": "image",
          "assetId": "dvkQxWo6G",
          "checksum": "69b3af6f13d0207302b8bd2a465bdeb8"
        },
        {
          "type": "image",
          "assetId": "AyatUxkb5",
          "checksum": "4b98f93e9b9d344543a34ff4d29f26ee"
        },
        {
          "type": "image",
          "assetId": "aeGyFcPRf",
          "checksum": "ed0d9635d81bdc12916b31d18a7a6402"
        },
        {
          "type": "renderModule",
          "assetId": "ZCE1TfqnzIq",
          "checksum": "1d91882a64533e066f6d9c10a4744a9b"
        },
        {
          "type": "cssRules",
          "assetId": "ZCE1TfqnzIq",
          "checksum": "1d91882a64533e066f6d9c10a4744a9b"
        },
        {
          "type": "renderModule",
          "assetId": "E9GSJtAUla",
          "checksum": "95dec99d61c9b26cb13d598c1558f93d"
        },
        {
          "type": "cssRules",
          "assetId": "E9GSJtAUla",
          "checksum": "95dec99d61c9b26cb13d598c1558f93d"
        },
        {
          "type": "icon",
          "assetId": "1HIO6KdHI",
          "checksum": "ed176d12836cb604d670082964f0d195"
        },
        {
          "type": "renderModule",
          "assetId": "zVycdQpbjx",
          "checksum": "496cce472e51cd793ee2241306193d22"
        },
        {
          "type": "cssRules",
          "assetId": "zVycdQpbjx",
          "checksum": "496cce472e51cd793ee2241306193d22"
        },
        {
          "type": "renderModule",
          "assetId": "hCmOmN_odDK",
          "checksum": "33ea73a6ce09c5961a2157910e0c462a"
        },
        {
          "type": "cssRules",
          "assetId": "hCmOmN_odDK",
          "checksum": "33ea73a6ce09c5961a2157910e0c462a"
        },
        {
          "type": "renderModule",
          "assetId": "YP00OeXrv1",
          "checksum": "a5b9877c2fc67e7c19bb27e161e8f4c5"
        },
        {
          "type": "cssRules",
          "assetId": "YP00OeXrv1",
          "checksum": "a5b9877c2fc67e7c19bb27e161e8f4c5"
        },
        {
          "type": "renderModule",
          "assetId": "vHTuRfYzkk",
          "checksum": "fed7b4a25acffb6afbff5b9ede69e60a"
        },
        {
          "type": "cssRules",
          "assetId": "vHTuRfYzkk",
          "checksum": "fed7b4a25acffb6afbff5b9ede69e60a"
        },
        {
          "type": "renderModule",
          "assetId": "jvNNS1u1VD",
          "checksum": "30811b7209fa4ce82056a608adc22693"
        },
        {
          "type": "cssRules",
          "assetId": "jvNNS1u1VD",
          "checksum": "30811b7209fa4ce82056a608adc22693"
        },
        {
          "type": "image",
          "assetId": "IHS4Mk05U",
          "checksum": "b4ca8efda70301cdb2b35ab0ee59b737"
        },
        {
          "type": "renderModule",
          "assetId": "RtpfTqHPc8",
          "checksum": "363747b4f14743fa243d506e992275eb"
        },
        {
          "type": "cssRules",
          "assetId": "RtpfTqHPc8",
          "checksum": "363747b4f14743fa243d506e992275eb"
        },
        {
          "type": "renderModule",
          "assetId": "SLXk4W2FZwu",
          "checksum": "3b3516a0fe3bcb99c672c2cd04ad4475"
        },
        {
          "type": "cssRules",
          "assetId": "SLXk4W2FZwu",
          "checksum": "3b3516a0fe3bcb99c672c2cd04ad4475"
        },
        {
          "type": "renderModule",
          "assetId": "55Afek_4-RC",
          "checksum": "ff0932fae82b1ac0e27ec5f9847b2db0"
        },
        {
          "type": "cssRules",
          "assetId": "55Afek_4-RC",
          "checksum": "ff0932fae82b1ac0e27ec5f9847b2db0"
        },
        {
          "type": "renderModule",
          "assetId": "6jTXRcZVoW-",
          "checksum": "fccb65c18db259bfb99c103e19b225a5"
        },
        {
          "type": "cssRules",
          "assetId": "6jTXRcZVoW-",
          "checksum": "fccb65c18db259bfb99c103e19b225a5"
        },
        {
          "type": "renderModule",
          "assetId": "GW498bxNZUy",
          "checksum": "7ef6b62f311189aac0e159b795812cab"
        },
        {
          "type": "cssRules",
          "assetId": "GW498bxNZUy",
          "checksum": "7ef6b62f311189aac0e159b795812cab"
        },
        {
          "type": "icon",
          "assetId": "m_B9I91Zzw1",
          "checksum": "748ea7fb64f1274ce53f108ab283deb3"
        },
        {
          "type": "icon",
          "assetId": "ShnTWKWEPf7",
          "checksum": "5d42b3a4d9ae015cf0438ea0d354b12a"
        },
        {
          "type": "renderModule",
          "assetId": "tnuTwysStr",
          "checksum": "0624cfb1e58a496d9504585b7b2af580"
        },
        {
          "type": "cssRules",
          "assetId": "tnuTwysStr",
          "checksum": "0624cfb1e58a496d9504585b7b2af580"
        },
        {
          "type": "icon",
          "assetId": "5JsroXw63",
          "checksum": "6f4cc7f18766553ddb68783638f83b50"
        },
        {
          "type": "icon",
          "assetId": "MP7-FtWLqM",
          "checksum": "fb84a941401b986c8c97b61a1cfad226"
        },
        {
          "type": "renderModule",
          "assetId": "qjec2CylGU",
          "checksum": "262b8f076a9873f1b7b46f4ff3f22c1a"
        },
        {
          "type": "cssRules",
          "assetId": "qjec2CylGU",
          "checksum": "262b8f076a9873f1b7b46f4ff3f22c1a"
        },
        {
          "type": "image",
          "assetId": "fts3EZmjW",
          "checksum": "e799454cf756503a0aa76ff981f2d354"
        },
        {
          "assetId": "7Kb5LCV89tNWBn4m3y5e9q",
          "type": "projectCss",
          "checksum": "34a6e915d9c7edaa10d8946243717367"
        }
      ],
      "codegenVersion": "0.0.1"
    },
    {
      "projectId": "caTPwKxj5ZrD9LQ7DMdK4Z",
      "version": "3.1.2",
      "dependencies": {},
      "lang": "ts",
      "fileLocks": [
        {
          "assetId": "caTPwKxj5ZrD9LQ7DMdK4Z",
          "type": "projectCss",
          "checksum": "748c2db198285121f5dad63414f1fabb"
        }
      ],
      "codegenVersion": "0.0.1"
    },
    {
      "projectId": "95xp9cYcv7HrNWpFWWhbcv",
      "version": "2.2.1",
      "dependencies": {},
      "lang": "ts",
      "fileLocks": [
        {
          "type": "image",
          "assetId": "pAcQ-9j-MkaY",
          "checksum": "c263e67c06cb18ec9feeae243a6f8fa0"
        },
        {
          "assetId": "95xp9cYcv7HrNWpFWWhbcv",
          "type": "projectCss",
          "checksum": "9d62adff8f747c5c1ec3394d046fc352"
        }
      ],
      "codegenVersion": "0.0.1"
    },
    {
      "projectId": "r6wqTHP8pUBDqvkAaarh3E",
      "version": "0.0.1",
      "dependencies": {
        "95xp9cYcv7HrNWpFWWhbcv": "2.2.1"
      },
      "lang": "ts",
      "fileLocks": [
        {
          "type": "image",
          "assetId": "bSXI1Z8uktJBvH",
          "checksum": "dd6dc0328be5561986cefb34e26fa55e"
        },
        {
          "assetId": "r6wqTHP8pUBDqvkAaarh3E",
          "type": "projectCss",
          "checksum": "4c989b1d10c46a36461e64141de3e7ff"
        }
      ],
      "codegenVersion": "0.0.1"
    },
    {
      "projectId": "8PtdGodUbexNYgkuyBUcWu",
      "version": "3.0.4",
      "dependencies": {},
      "lang": "ts",
      "fileLocks": [
        {
          "assetId": "8PtdGodUbexNYgkuyBUcWu",
          "type": "projectCss",
          "checksum": "da821b8a13553da707c9dc8f51234863"
        },
        {
          "assetId": "8PtdGodUbexNYgkuyBUcWu",
          "checksum": "82081a65ef0a9809edc60ec6b4a9d708",
          "type": "globalContexts"
        }
      ],
      "codegenVersion": "0.0.1"
    }
  ],
  "cliVersion": "0.1.183"
}
